
Microsoft Visual Studio Solution File, Format Version 12.00
# Visual Studio Version 16
VisualStudioVersion = 16.0.31515.178
MinimumVisualStudioVersion = 10.0.40219.1
Project("{FAE04EC0-301F-11D3-BF4B-00C04F79EFBC}") = "Webgentle.BookStore", "Webgentle.BookStore\Webgentle.BookStore.csproj", "{EB88297C-58B8-46A3-A45A-27C3C157C940}"
EndProject
Global
	GlobalSection(SolutionConfigurationPlatforms) = preSolution
		Debug|Any CPU = Debug|Any CPU
		Release|Any CPU = Release|Any CPU
	EndGlobalSection
	GlobalSection(ProjectConfigurationPlatforms) = postSolution
		{EB88297C-58B8-46A3-A45A-27C3C157C940}.Debug|Any CPU.ActiveCfg = Debug|Any CPU
		{EB88297C-58B8-46A3-A45A-27C3C157C940}.Debug|Any CPU.Build.0 = Debug|Any CPU
		{EB88297C-58B8-46A3-A45A-27C3C157C940}.Release|Any CPU.ActiveCfg = Release|Any CPU
		{EB88297C-58B8-46A3-A45A-27C3C157C940}.Release|Any CPU.Build.0 = Release|Any CPU
	EndGlobalSection
	GlobalSection(SolutionProperties) = preSolution
		HideSolutionNode = FALSE
	EndGlobalSection
	GlobalSection(ExtensibilityGlobals) = postSolution
		SolutionGuid = {0788B47B-F635-49EA-85C0-FE62FE162A49}
	EndGlobalSection
EndGlobal
